// !$*UTF8*$!
{
	archiveVersion = 1;
	classes = {
	};
	objectVersion = 46;
	objects = {

/* Begin PBXBuildFile section */
		454751C11F19856F002AC524 /* AppDelegate.swift in Sources */ = {isa = PBXBuildFile; fileRef = 454751C01F19856F002AC524 /* AppDelegate.swift */; };
		454751C31F19856F002AC524 /* ViewController.swift in Sources */ = {isa = PBXBuildFile; fileRef = 454751C21F19856F002AC524 /* ViewController.swift */; };
		454751C61F19856F002AC524 /* Main.storyboard in Resources */ = {isa = PBXBuildFile; fileRef = 454751C41F19856F002AC524 /* Main.storyboard */; };
		454751C81F19856F002AC524 /* Assets.xcassets in Resources */ = {isa = PBXBuildFile; fileRef = 454751C71F19856F002AC524 /* Assets.xcassets */; };
		454751CB1F19856F002AC524 /* LaunchScreen.storyboard in Resources */ = {isa = PBXBuildFile; fileRef = 454751C91F19856F002AC524 /* LaunchScreen.storyboard */; };
/* End PBXBuildFile section */

/* Begin PBXFileReference section */
		454751BD1F19856F002AC524 /* HamburgerMenuBlog.app */ = {isa = PBXFileReference; explicitFileType = wrapper.application; includeInIndex = 0; path = HamburgerMenuBlog.app; sourceTree = BUILT_PRODUCTS_DIR; };
		454751C01F19856F002AC524 /* AppDelegate.swift */ = {isa = PBXFileReference; lastKnownFileType = sourcecode.swift; path = AppDelegate.swift; sourceTree = "<group>"; };
		454751C21F19856F002AC524 /* ViewController.swift */ = {isa = PBXFileReference; lastKnownFileType = sourcecode.swift; path = ViewController.swift; sourceTree = "<group>"; };
		454751C51F19856F002AC524 /* Base */ = {isa = PBXFileReference; lastKnownFileType = file.storyboard; name = Base; path = Base.lproj/Main.storyboard; sourceTree = "<group>"; };
		454751C71F19856F002AC524 /* Assets.xcassets */ = {isa = PBXFileReference; lastKnownFileType = folder.assetcatalog; path = Assets.xcassets; sourceTree = "<group>"; };
		454751CA1F19856F002AC524 /* Base */ = {isa = PBXFileReference; lastKnownFileType = file.storyboard; name = Base; path = Base.lproj/LaunchScreen.storyboard; sourceTree = "<group>"; };
		454751CC1F19856F002AC524 /* Info.plist */ = {isa = PBXFileReference; lastKnownFileType = text.plist.xml; path = Info.plist; sourceTree = "<group>"; };
/* End PBXFileReference section */

/* Begin PBXFrameworksBuildPhase section */
		454751BA1F19856F002AC524 /* Frameworks */ = {
			isa = PBXFrameworksBuildPhase;
			buildActionMask = 2147483647;
			files = (
			);
			runOnlyForDeploymentPostprocessing = 0;
		};
/* End PBXFrameworksBuildPhase section */

/* Begin PBXGroup section */
		454751B41F19856F002AC524 = {
			isa = PBXGroup;
			children = (
				454751BF1F19856F002AC524 /* HamburgerMenuBlog */,
				454751BE1F19856F002AC524 /* Products */,
			);
			sourceTree = "<group>";
		};
		454751BE1F19856F002AC524 /* Products */ = {
			isa = PBXGroup;
			children = (
				454751BD1F19856F002AC524 /* HamburgerMenuBlog.app */,
			);
			name = Products;
			sourceTree = "<group>";
		};
		454751BF1F19856F002AC524 /* HamburgerMenuBlog */ = {
			isa = PBXGroup;
			children = (
				454751C01F19856F002AC524 /* AppDelegate.swift */,
				454751C21F19856F002AC524 /* ViewController.swift */,
				454751C41F19856F002AC524 /* Main.storyboard */,
				454751C71F19856F002AC524 /* Assets.xcassets */,
				454751C91F19856F002AC524 /* LaunchScreen.storyboard */,
				454751CC1F19856F002AC524 /* Info.plist */,
			);
			path = HamburgerMenuBlog;
			sourceTree = "<group>";
		};
/* End PBXGroup section */

/* Begin PBXNativeTarget section */
		454751BC1F19856F002AC524 /* HamburgerMenuBlog */ = {
			isa = PBXNativeTarget;
			buildConfigurationList = 454751CF1F19856F002AC524 /* Build configuration list for PBXNativeTarget "HamburgerMenuBlog" */;
			buildPhases = (
				454751B91F19856F002AC524 /* Sources */,
				454751BA1F19856F002AC524 /* Frameworks */,
				454751BB1F19856F002AC524 /* Resources */,
			);
			buildRules = (
			);
			dependencies = (
			);
			name = HamburgerMenuBlog;
			productName = HamburgerMenuBlog;
			productReference = 454751BD1F19856F002AC524 /* HamburgerMenuBlog.app */;
			productType = "com.apple.product-type.application";
		};
/* End PBXNativeTarget section */

/* Begin PBXProject section */
		454751B51F19856F002AC524 /* Project object */ = {
			isa = PBXProject;
			attributes = {
				LastSwiftUpdateCheck = 0830;
				LastUpgradeCheck = 0830;
				ORGANIZATIONNAME = "Erica Millado";
				TargetAttributes = {
					454751BC1F19856F002AC524 = {
						CreatedOnToolsVersion = 8.3.2;
						DevelopmentTeam = ZG53357D46;
						ProvisioningStyle = Automatic;
					};
				};
			};
			buildConfigurationList = 454751B81F19856F002AC524 /* Build configuration list for PBXProject "HamburgerMenuBlog" */;
			compatibilityVersion = "Xcode 3.2";
			developmentRegion = English;
			hasScannedForEncodings = 0;
			knownRegions = (
				en,
				Base,
			);
			mainGroup = 454751B41F19856F002AC524;
			productRefGroup = 454751BE1F19856F002AC524 /* Products */;
			projectDirPath = "";
			projectRoot = "";
			targets = (
				454751BC1F19856F002AC524 /* HamburgerMenuBlog */,
			);
		};
/* End PBXProject section */

/* Begin PBXResourcesBuildPhase section */
		454751BB1F19856F002AC524 /* Resources */ = {
			isa = PBXResourcesBuildPhase;
			buildActionMask = 2147483647;
			files = (
				454751CB1F19856F002AC524 /* LaunchScreen.storyboard in Resources */,
				454751C81F19856F002AC524 /* Assets.xcassets in Resources */,
				454751C61F19856F002AC524 /* Main.storyboard in Resources */,
			);
			runOnlyForDeploymentPostprocessing = 0;
		};
/* End PBXResourcesBuildPhase section */

/* Begin PBXSourcesBuildPhase section */
		454751B91F19856F002AC524 /* Sources */ = {
			isa = PBXSourcesBuildPhase;
			buildActionMask = 2147483647;
			files = (
				454751C31F19856F002AC524 /* ViewController.swift in Sources */,
				454751C11F19856F002AC524 /* AppDelegate.swift in Sources */,
			);
			runOnlyForDeploymentPostprocessing = 0;
		};
/* End PBXSourcesBuildPhase section */

/* Begin PBXVariantGroup section */
		454751C41F19856F002AC524 /* Main.storyboard */ = {
			isa = PBXVariantGroup;
			children = (
				454751C51F19856F002AC524 /* Base */,
			);
			name = Main.storyboard;
			sourceTree = "<group>";
		};
		454751C91F19856F002AC524 /* LaunchScreen.storyboard */ = {
			isa = PBXVariantGroup;
			children = (
				454751CA1F19856F002AC524 /* Base */,
			);
			name = LaunchScreen.storyboard;
			sourceTree = "<group>";
		};
/* End PBXVariantGroup section */

/* Begin XCBuildConfiguration section */
		454751CD1F19856F002AC524 /* Debug */ = {
			isa = XCBuildConfiguration;
			buildSettings = {
				ALWAYS_SEARCH_USER_PATHS = NO;
				CLANG_ANALYZER_NONNULL = YES;
				CLANG_ANALYZER_NUMBER_OBJECT_CONVERSION = YES_AGGRESSIVE;
				CLANG_CXX_LANGUAGE_STANDARD = "gnu++0x";
				CLANG_CXX_LIBRARY = "libc++";
				CLANG_ENABLE_MODULES = YES;
				CLANG_ENABLE_OBJC_ARC = YES;
				CLANG_WARN_BOOL_CONVERSION = YES;
				CLANG_WARN_CONSTANT_CONVERSION = YES;
				CLANG_WARN_DIRECT_OBJC_ISA_USAGE = YES_ERROR;
				CLANG_WARN_DOCUMENTATION_COMMENTS = YES;
				CLANG_WARN_EMPTY_BODY = YES;
				CLANG_WARN_ENUM_CONVERSION = YES;
				CLANG_WARN_INFINITE_RECURSION = YES;
				CLANG_WARN_INT_CONVERSION = YES;
				CLANG_WARN_OBJC_ROOT_CLASS = YES_ERROR;
				CLANG_WARN_SUSPICIOUS_MOVE = YES;
				CLANG_WARN_UNREACHABLE_CODE = YES;
				CLANG_WARN__DUPLICATE_METHOD_MATCH = YES;
				"CODE_SIGN_IDENTITY[sdk=iphoneos*]" = "iPhone Developer";
				COPY_PHASE_STRIP = NO;
				DEBUG_INFORMATION_FORMAT = dwarf;
				ENABLE_STRICT_OBJC_MSGSEND = YES;
				ENABLE_TESTABILITY = YES;
				GCC_C_LANGUAGE_STANDARD = gnu99;
				GCC_DYNAMIC_NO_PIC = NO;
				GCC_NO_COMMON_BLOCKS = YES;
				GCC_OPTIMIZATION_LEVEL = 0;
				GCC_PREPROCESSOR_DEFINITIONS = (
					"DEBUG=1",
					"$(inherited)",
				);
				GCC_WARN_64_TO_32_BIT_CONVERSION = YES;
				GCC_WARN_ABOUT_RETURN_TYPE = YES_ERROR;
				GCC_WARN_UNDECLARED_SELECTOR = YES;
				GCC_WARN_UNINITIALIZED_AUTOS = YES_AGGRESSIVE;
				GCC_WARN_UNUSED_FUNCTION = YES;
				GCC_WARN_UNUSED_VARIABLE = YES;
				IPHONEOS_DEPLOYMENT_TARGET = 10.3;
				MTL_ENABLE_DEBUG_INFO = YES;
				ONLY_ACTIVE_ARCH = YES;
				SDKROOT = iphoneos;
				SWIFT_ACTIVE_COMPILATION_CONDITIONS = DEBUG;
				SWIFT_OPTIMIZATION_LEVEL = "-Onone";
				TARGETED_DEVICE_FAMILY = "1,2";
			};
			name = Debug;
		};
		454751CE1F19856F002AC524 /* Release */ = {
			isa = XCBuildConfiguration;
			buildSettings = {
				ALWAYS_SEARCH_USER_PATHS = NO;
				CLANG_ANALYZER_NONNULL = YES;
				CLANG_ANALYZER_NUMBER_OBJECT_CONVERSION = YES_AGGRESSIVE;
				CLANG_CXX_LANGUAGE_STANDARD = "gnu++0x";
				CLANG_CXX_LIBRARY = "libc++";
				CLANG_ENABLE_MODULES = YES;
				CLANG_ENABLE_OBJC_ARC = YES;
				CLANG_WARN_BOOL_CONVERSION = YES;
				CLANG_WARN_CONSTANT_CONVERSION = YES;
				CLANG_WARN_DIRECT_OBJC_ISA_USAGE = YES_ERROR;
				CLANG_WARN_DOCUMENTATION_COMMENTS = YES;
				CLANG_WARN_EMPTY_BODY = YES;
				CLANG_WARN_ENUM_CONVERSION = YES;
				CLANG_WARN_INFINITE_RECURSION = YES;
				CLANG_WARN_INT_CONVERSION = YES;
				CLANG_WARN_OBJC_ROOT_CLASS = YES_ERROR;
				CLANG_WARN_SUSPICIOUS_MOVE = YES;
				CLANG_WARN_UNREACHABLE_CODE = YES;
				CLANG_WARN__DUPLICATE_METHOD_MATCH = YES;
				"CODE_SIGN_IDENTITY[sdk=iphoneos*]" = "iPhone Developer";
				COPY_PHASE_STRIP = NO;
				DEBUG_INFORMATION_FORMAT = "dwarf-with-dsym";
				ENABLE_NS_ASSERTIONS = NO;
				ENABLE_STRICT_OBJC_MSGSEND = YES;
				GCC_C_LANGUAGE_STANDARD = gnu99;
				GCC_NO_COMMON_BLOCKS = YES;
				GCC_WARN_64_TO_32_BIT_CONVERSION = YES;
				GCC_WARN_ABOUT_RETURN_TYPE = YES_ERROR;
				GCC_WARN_UNDECLARED_SELECTOR = YES;
				GCC_WARN_UNINITIALIZED_AUTOS = YES_AGGRESSIVE;
				GCC_WARN_UNUSED_FUNCTION = YES;
				GCC_WARN_UNUSED_VARIABLE = YES;
				IPHONEOS_DEPLOYMENT_TARGET = 10.3;
				MTL_ENABLE_DEBUG_INFO = NO;
				SDKROOT = iphoneos;
				SWIFT_OPTIMIZATION_LEVEL = "-Owholemodule";
				TARGETED_DEVICE_FAMILY = "1,2";
				VALIDATE_PRODUCT = YES;
			};
			name = Release;
		};
		454751D01F19856F002AC524 /* Debug */ = {
			isa = XCBuildConfiguration;
			buildSettings = {
				ASSETCATALOG_COMPILER_APPICON_NAME = AppIcon;
				DEVELOPMENT_TEAM = ZG53357D46;
				INFOPLIST_FILE = HamburgerMenuBlog/Info.plist;
				LD_RUNPATH_SEARCH_PATHS = "$(inherited) @executable_path/Frameworks";
				PRODUCT_BUNDLE_IDENTIFIER = com.yayitserica.HamburgerMenuBlog;
				PRODUCT_NAME = "$(TARGET_NAME)";
				SWIFT_VERSION = 3.0;
			};
			name = Debug;
		};
		454751D11F19856F002AC524 /* Release */ = {
			isa = XCBuildConfiguration;
			buildSettings = {
				ASSETCATALOG_COMPILER_APPICON_NAME = AppIcon;
				DEVELOPMENT_TEAM = ZG53357D46;
				INFOPLIST_FILE = HamburgerMenuBlog/Info.plist;
				LD_RUNPATH_SEARCH_PATHS = "$(inherited) @executable_path/Frameworks";
				PRODUCT_BUNDLE_IDENTIFIER = com.yayitserica.HamburgerMenuBlog;
				PRODUCT_NAME = "$(TARGET_NAME)";
				SWIFT_VERSION = 3.0;
			};
			name = Release;
		};
/* End XCBuildConfiguration section */

/* Begin XCConfigurationList section */
		454751B81F19856F002AC524 /* Build configuration list for PBXProject "HamburgerMenuBlog" */ = {
			isa = XCConfigurationList;
			buildConfigurations = (
				454751CD1F19856F002AC524 /* Debug */,
				454751CE1F19856F002AC524 /* Release */,
			);
			defaultConfigurationIsVisible = 0;
			defaultConfigurationName = Release;
		};
		454751CF1F19856F002AC524 /* Build configuration list for PBXNativeTarget "HamburgerMenuBlog" */ = {
			isa = XCConfigurationList;
			buildConfigurations = (
				454751D01F19856F002AC524 /* Debug */,
				454751D11F19856F002AC524 /* Release */,
			);
			defaultConfigurationIsVisible = 0;
		};
/* End XCConfigurationList section */
	};
	rootObject = 454751B51F19856F002AC524 /* Project object */;
}
